
Microsoft Visual Studio Solution File, Format Version 12.00
# Visual Studio Version 17
VisualStudioVersion = 17.3.32825.248
MinimumVisualStudioVersion = 10.0.40219.1
Project("{9A19103F-16F7-4668-BE54-9A1E7A4F7556}") = "VectorWPFDemo", "VectorWPFDemo\VectorWPFDemo.csproj", "{03DD16A7-B295-4177-86A5-E81751CC1D4A}"
EndProject
Project("{9A19103F-16F7-4668-BE54-9A1E7A4F7556}") = "VectorLib", "VectorLib\VectorLib.csproj", "{A315EF24-7DC8-4AE9-BE8C-3FDF7ACB127D}"
EndProject
Project("{9A19103F-16F7-4668-BE54-9A1E7A4F7556}") = "VectorLibTest", "VectorLibTest\VectorLibTest.csproj", "{F43861B2-803E-437A-9BF9-394A72A078D4}"
EndProject
Global
	GlobalSection(SolutionConfigurationPlatforms) = preSolution
		Debug|Any CPU = Debug|Any CPU
		Release|Any CPU = Release|Any CPU
	EndGlobalSection
	GlobalSection(ProjectConfigurationPlatforms) = postSolution
		{03DD16A7-B295-4177-86A5-E81751CC1D4A}.Debug|Any CPU.ActiveCfg = Debug|Any CPU
		{03DD16A7-B295-4177-86A5-E81751CC1D4A}.Debug|Any CPU.Build.0 = Debug|Any CPU
		{03DD16A7-B295-4177-86A5-E81751CC1D4A}.Release|Any CPU.ActiveCfg = Release|Any CPU
		{03DD16A7-B295-4177-86A5-E81751CC1D4A}.Release|Any CPU.Build.0 = Release|Any CPU
		{A315EF24-7DC8-4AE9-BE8C-3FDF7ACB127D}.Debug|Any CPU.ActiveCfg = Debug|Any CPU
		{A315EF24-7DC8-4AE9-BE8C-3FDF7ACB127D}.Debug|Any CPU.Build.0 = Debug|Any CPU
		{A315EF24-7DC8-4AE9-BE8C-3FDF7ACB127D}.Release|Any CPU.ActiveCfg = Release|Any CPU
		{A315EF24-7DC8-4AE9-BE8C-3FDF7ACB127D}.Release|Any CPU.Build.0 = Release|Any CPU
		{F43861B2-803E-437A-9BF9-394A72A078D4}.Debug|Any CPU.ActiveCfg = Debug|Any CPU
		{F43861B2-803E-437A-9BF9-394A72A078D4}.Debug|Any CPU.Build.0 = Debug|Any CPU
		{F43861B2-803E-437A-9BF9-394A72A078D4}.Release|Any CPU.ActiveCfg = Release|Any CPU
		{F43861B2-803E-437A-9BF9-394A72A078D4}.Release|Any CPU.Build.0 = Release|Any CPU
	EndGlobalSection
	GlobalSection(SolutionProperties) = preSolution
		HideSolutionNode = FALSE
	EndGlobalSection
	GlobalSection(ExtensibilityGlobals) = postSolution
		SolutionGuid = {CB046197-0645-46F1-A604-72155717B8B9}
	EndGlobalSection
EndGlobal
